
Microsoft Visual Studio Solution File, Format Version 12.00
# Visual Studio Version 17
VisualStudioVersion = 17.4.33403.182
MinimumVisualStudioVersion = 10.0.40219.1
Project("{FAE04EC0-301F-11D3-BF4B-00C04F79EFBC}") = "MUDBLAZOR_DATAGRID.Server", "MUDBLAZOR_DATAGRID\Server\MUDBLAZOR_DATAGRID.Server.csproj", "{106F20B9-7B9B-413B-813E-9A905970F36C}"
EndProject
Project("{FAE04EC0-301F-11D3-BF4B-00C04F79EFBC}") = "MUDBLAZOR_DATAGRID.Client", "MUDBLAZOR_DATAGRID\Client\MUDBLAZOR_DATAGRID.Client.csproj", "{C16112D3-5E74-4385-9B80-AAD28DD52483}"
EndProject
Project("{FAE04EC0-301F-11D3-BF4B-00C04F79EFBC}") = "MUDBLAZOR_DATAGRID.Shared", "MUDBLAZOR_DATAGRID\Shared\MUDBLAZOR_DATAGRID.Shared.csproj", "{88978E39-C991-4CAC-964D-461A541ABFAB}"
EndProject
Global
	GlobalSection(SolutionConfigurationPlatforms) = preSolution
		Debug|Any CPU = Debug|Any CPU
		Release|Any CPU = Release|Any CPU
	EndGlobalSection
	GlobalSection(ProjectConfigurationPlatforms) = postSolution
		{106F20B9-7B9B-413B-813E-9A905970F36C}.Debug|Any CPU.ActiveCfg = Debug|Any CPU
		{106F20B9-7B9B-413B-813E-9A905970F36C}.Debug|Any CPU.Build.0 = Debug|Any CPU
		{106F20B9-7B9B-413B-813E-9A905970F36C}.Release|Any CPU.ActiveCfg = Release|Any CPU
		{106F20B9-7B9B-413B-813E-9A905970F36C}.Release|Any CPU.Build.0 = Release|Any CPU
		{C16112D3-5E74-4385-9B80-AAD28DD52483}.Debug|Any CPU.ActiveCfg = Debug|Any CPU
		{C16112D3-5E74-4385-9B80-AAD28DD52483}.Debug|Any CPU.Build.0 = Debug|Any CPU
		{C16112D3-5E74-4385-9B80-AAD28DD52483}.Release|Any CPU.ActiveCfg = Release|Any CPU
		{C16112D3-5E74-4385-9B80-AAD28DD52483}.Release|Any CPU.Build.0 = Release|Any CPU
		{88978E39-C991-4CAC-964D-461A541ABFAB}.Debug|Any CPU.ActiveCfg = Debug|Any CPU
		{88978E39-C991-4CAC-964D-461A541ABFAB}.Debug|Any CPU.Build.0 = Debug|Any CPU
		{88978E39-C991-4CAC-964D-461A541ABFAB}.Release|Any CPU.ActiveCfg = Release|Any CPU
		{88978E39-C991-4CAC-964D-461A541ABFAB}.Release|Any CPU.Build.0 = Release|Any CPU
	EndGlobalSection
	GlobalSection(SolutionProperties) = preSolution
		HideSolutionNode = FALSE
	EndGlobalSection
	GlobalSection(ExtensibilityGlobals) = postSolution
		SolutionGuid = {AF3052BC-44D7-4972-A8C9-2D2CB042199A}
	EndGlobalSection
EndGlobal
